{
  "nodes": {
    "darwin": {
      "inputs": {
        "nixpkgs": [
          "nixpkgs-unstable"
        ]
      },
      "locked": {
        "lastModified": 1645293039,
        "narHash": "sha256-PwdDu+SkX8dreeuJ/4av1sEluNZdrpdXv8JsRKKg1Yc=",
        "owner": "LnL7",
        "repo": "nix-darwin",
        "rev": "1df878b6f8351795a3bebfbe4fd2d02e1e8b29d6",
        "type": "github"
      },
      "original": {
        "owner": "LnL7",
        "ref": "master",
        "repo": "nix-darwin",
        "type": "github"
      }
    },
    "flake-compat": {
      "flake": false,
      "locked": {
        "lastModified": 1641205782,
        "narHash": "sha256-4jY7RCWUoZ9cKD8co0/4tFARpWB+57+r1bLLvXNJliY=",
        "owner": "edolstra",
        "repo": "flake-compat",
        "rev": "b7547d3eed6f32d06102ead8991ec52ab0a4f1a7",
        "type": "github"
      },
      "original": {
        "owner": "edolstra",
        "repo": "flake-compat",
        "type": "github"
      }
    },
    "flake-utils": {
      "locked": {
        "lastModified": 1644229661,
        "narHash": "sha256-1YdnJAsNy69bpcjuoKdOYQX0YxZBiCYZo4Twxerqv7k=",
        "owner": "numtide",
        "repo": "flake-utils",
        "rev": "3cecb5b042f7f209c56ffd8371b2711a290ec797",
        "type": "github"
      },
      "original": {
        "owner": "numtide",
        "repo": "flake-utils",
        "type": "github"
      }
    },
    "home-manager": {
      "inputs": {
        "nixpkgs": [
          "nixpkgs-unstable"
        ]
      },
      "locked": {
        "lastModified": 1645970334,
        "narHash": "sha256-6nn4YF9bPtkxkB7bM6yJO3m//p3sGilxNQFjm1epLEM=",
        "owner": "nix-community",
        "repo": "home-manager",
        "rev": "ea85f4b1fdf3f25cf97dc49f4a9ec4eafda2ea25",
        "type": "github"
      },
      "original": {
        "owner": "nix-community",
        "ref": "master",
        "repo": "home-manager",
        "type": "github"
      }
    },
    "lspsaga-nvim": {
      "flake": false,
      "locked": {
        "lastModified": 1645900166,
        "narHash": "sha256-wBquzQiiO5AJVLHqfGS5gpP8FJIZJfiTA8cCqcxJloE=",
        "owner": "tami5",
        "repo": "lspsaga.nvim",
        "rev": "9f7ee18f79baed76c648f79ee7352b8fe65f2933",
        "type": "github"
      },
      "original": {
        "owner": "tami5",
        "repo": "lspsaga.nvim",
        "type": "github"
      }
    },
    "moses-lua": {
      "flake": false,
      "locked": {
        "lastModified": 1573371081,
        "narHash": "sha256-n/ca2MxiZPk6FZHvQGS6TTl1AZx6ZdDmR7viJFgttik=",
        "owner": "Yonaba",
        "repo": "Moses",
        "rev": "6fe8d76d50a22d85fe064aaa80390b72381befed",
        "type": "github"
      },
      "original": {
        "owner": "Yonaba",
        "repo": "Moses",
        "type": "github"
      }
    },
    "nixpkgs": {
      "locked": {
        "lastModified": 1646025898,
        "narHash": "sha256-5SuwFaczX5A68YH/toS+kvTbtC4hO5St7USVqB3xX3w=",
        "owner": "nixos",
        "repo": "nixpkgs",
        "rev": "fcc4d4645f30116c0c981971f1e30aee4aa0bb53",
        "type": "github"
      },
      "original": {
        "owner": "nixos",
        "ref": "master",
        "repo": "nixpkgs",
        "type": "github"
      }
    },
    "nixpkgs-unstable": {
      "locked": {
        "lastModified": 1645937171,
        "narHash": "sha256-n9f9GZBNMe8UMhcgmmaXNObkH01jjgp7INMrUgBgcy4=",
        "owner": "nixos",
        "repo": "nixpkgs",
        "rev": "22dc22f8cedc58fcb11afe1acb08e9999e78be9c",
        "type": "github"
      },
      "original": {
        "owner": "nixos",
        "ref": "nixpkgs-unstable",
        "repo": "nixpkgs",
        "type": "github"
      }
    },
    "onenord-nvim": {
      "flake": false,
      "locked": {
        "lastModified": 1641613816,
        "narHash": "sha256-jMXOtxE4Z7UHnpeP7lo3hh0FZn5W7j7kdWQmcHLNI10=",
        "owner": "rmehri01",
        "repo": "onenord.nvim",
        "rev": "a8d3d541deaf802377d46b6daa3220ac364bf717",
        "type": "github"
      },
      "original": {
        "owner": "rmehri01",
        "repo": "onenord.nvim",
        "type": "github"
      }
    },
    "root": {
      "inputs": {
        "darwin": "darwin",
        "flake-compat": "flake-compat",
        "flake-utils": "flake-utils",
        "home-manager": "home-manager",
        "lspsaga-nvim": "lspsaga-nvim",
        "moses-lua": "moses-lua",
        "nixpkgs": "nixpkgs",
        "nixpkgs-unstable": "nixpkgs-unstable",
        "onenord-nvim": "onenord-nvim",
        "telescope-hoogle": "telescope-hoogle",
        "vim-reasonml": "vim-reasonml",
        "vim-rescript": "vim-rescript"
      }
    },
    "telescope-hoogle": {
      "flake": false,
      "locked": {
        "lastModified": 1615453063,
        "narHash": "sha256-uMriQ9NeeYySrbRuOdycJOdL0PV+mp8MSYGB3TMHOsQ=",
        "owner": "luc-tielen",
        "repo": "telescope_hoogle",
        "rev": "01d3b174754cb335a7f06ce602f1690e34bb63de",
        "type": "github"
      },
      "original": {
        "owner": "luc-tielen",
        "repo": "telescope_hoogle",
        "type": "github"
      }
    },
    "vim-reasonml": {
      "flake": false,
      "locked": {
        "lastModified": 1594940760,
        "narHash": "sha256-RJPRe2QY3cS27yzRMO04sxYgZifzq3UEBRRbtTKh1Pk=",
        "owner": "jordwalke",
        "repo": "vim-reasonml",
        "rev": "50dafc42085b704acaa03576cd2ffcaacea58e14",
        "type": "github"
      },
      "original": {
        "owner": "jordwalke",
        "repo": "vim-reasonml",
        "type": "github"
      }
    },
    "vim-rescript": {
      "flake": false,
      "locked": {
        "lastModified": 1643024658,
        "narHash": "sha256-ZVhI3y2qtgyq/2y3SOtgTVkksxn4g0d1kSuuHrDmFdI=",
        "owner": "rescript-lang",
        "repo": "vim-rescript",
        "rev": "6a0497704c8deb758d934f79030d6e18bede9e54",
        "type": "github"
      },
      "original": {
        "owner": "rescript-lang",
        "repo": "vim-rescript",
        "type": "github"
      }
    }
  },
  "root": "root",
  "version": 7
}
