{
  "nodes": {
    "darwin": {
      "inputs": {
        "nixpkgs": [
          "nixpkgs-unstable"
        ]
      },
      "locked": {
        "lastModified": 1660649317,
        "narHash": "sha256-16sWaj3cTZOQQgrmzlvBSRaBFKLrHJrfYh1k7/sSWok=",
        "owner": "LnL7",
        "repo": "nix-darwin",
        "rev": "80871c71edb3da76d40bdff9cae007a2a035c074",
        "type": "github"
      },
      "original": {
        "owner": "LnL7",
        "ref": "master",
        "repo": "nix-darwin",
        "type": "github"
      }
    },
    "flake-compat": {
      "flake": false,
      "locked": {
        "lastModified": 1650374568,
        "narHash": "sha256-Z+s0J8/r907g149rllvwhb4pKi8Wam5ij0st8PwAh+E=",
        "owner": "edolstra",
        "repo": "flake-compat",
        "rev": "b4a34015c698c7793d592d66adbab377907a2be8",
        "type": "github"
      },
      "original": {
        "owner": "edolstra",
        "repo": "flake-compat",
        "type": "github"
      }
    },
    "flake-utils": {
      "locked": {
        "lastModified": 1659877975,
        "narHash": "sha256-zllb8aq3YO3h8B/U0/J1WBgAL8EX5yWf5pMj3G0NAmc=",
        "owner": "numtide",
        "repo": "flake-utils",
        "rev": "c0e246b9b83f637f4681389ecabcb2681b4f3af0",
        "type": "github"
      },
      "original": {
        "owner": "numtide",
        "repo": "flake-utils",
        "type": "github"
      }
    },
    "home-manager": {
      "inputs": {
        "nixpkgs": [
          "nixpkgs-unstable"
        ],
        "utils": "utils"
      },
      "locked": {
        "lastModified": 1660574517,
        "narHash": "sha256-Lp5D2pAPrM3iAc1eeR0iGwz5rM+SYOWzVxI3p17nlrU=",
        "owner": "nix-community",
        "repo": "home-manager",
        "rev": "688e5c85b7537f308b82167c8eb4ecfb70a49861",
        "type": "github"
      },
      "original": {
        "owner": "nix-community",
        "ref": "master",
        "repo": "home-manager",
        "type": "github"
      }
    },
    "lspsaga-nvim": {
      "flake": false,
      "locked": {
        "lastModified": 1656991065,
        "narHash": "sha256-U/IU5Pfs3NEdmlMWcLMJYjdzRpb73gZDllnchmbFsFA=",
        "owner": "tami5",
        "repo": "lspsaga.nvim",
        "rev": "ea39528f8eab7af4bcd8b0f88abfad86e3ea2995",
        "type": "github"
      },
      "original": {
        "owner": "tami5",
        "repo": "lspsaga.nvim",
        "type": "github"
      }
    },
    "moses-lua": {
      "flake": false,
      "locked": {
        "lastModified": 1573371081,
        "narHash": "sha256-n/ca2MxiZPk6FZHvQGS6TTl1AZx6ZdDmR7viJFgttik=",
        "owner": "Yonaba",
        "repo": "Moses",
        "rev": "6fe8d76d50a22d85fe064aaa80390b72381befed",
        "type": "github"
      },
      "original": {
        "owner": "Yonaba",
        "repo": "Moses",
        "type": "github"
      }
    },
    "nixpkgs": {
      "locked": {
        "lastModified": 1660830588,
        "narHash": "sha256-T/kGVXNaWpa6havG5llrTeMpxnFOAM/GLdOPrSI0uHU=",
        "owner": "nixos",
        "repo": "nixpkgs",
        "rev": "3e21d1c2499ee151e56de0cf6c0b482f77f652b1",
        "type": "github"
      },
      "original": {
        "owner": "nixos",
        "ref": "master",
        "repo": "nixpkgs",
        "type": "github"
      }
    },
    "nixpkgs-unstable": {
      "locked": {
        "lastModified": 1660639432,
        "narHash": "sha256-2WDiboOCfB0LhvnDVMXOAr8ZLDfm3WdO54CkoDPwN1A=",
        "owner": "nixos",
        "repo": "nixpkgs",
        "rev": "6c6409e965a6c883677be7b9d87a95fab6c3472e",
        "type": "github"
      },
      "original": {
        "owner": "nixos",
        "ref": "nixpkgs-unstable",
        "repo": "nixpkgs",
        "type": "github"
      }
    },
    "onenord-nvim": {
      "flake": false,
      "locked": {
        "lastModified": 1657928180,
        "narHash": "sha256-vkgQNpr2pf+WegMdDJ3FAJk0tH2Q6G14Z4n1sGK9SN8=",
        "owner": "rmehri01",
        "repo": "onenord.nvim",
        "rev": "c2021ba34aecd8027437dadd27edf9fc949c9aa8",
        "type": "github"
      },
      "original": {
        "owner": "rmehri01",
        "repo": "onenord.nvim",
        "type": "github"
      }
    },
    "root": {
      "inputs": {
        "darwin": "darwin",
        "flake-compat": "flake-compat",
        "flake-utils": "flake-utils",
        "home-manager": "home-manager",
        "lspsaga-nvim": "lspsaga-nvim",
        "moses-lua": "moses-lua",
        "nixpkgs": "nixpkgs",
        "nixpkgs-unstable": "nixpkgs-unstable",
        "onenord-nvim": "onenord-nvim",
        "telescope-hoogle": "telescope-hoogle",
        "vim-reasonml": "vim-reasonml",
        "vim-rescript": "vim-rescript"
      }
    },
    "telescope-hoogle": {
      "flake": false,
      "locked": {
        "lastModified": 1652872345,
        "narHash": "sha256-E+WpIvK+s8WbuTtVzUfrrsTfYw9ffNaAMPsUY7ZPp00=",
        "owner": "luc-tielen",
        "repo": "telescope_hoogle",
        "rev": "c64cab3e8a5a7481c26323fea7ea6567467bfe59",
        "type": "github"
      },
      "original": {
        "owner": "luc-tielen",
        "repo": "telescope_hoogle",
        "type": "github"
      }
    },
    "utils": {
      "locked": {
        "lastModified": 1653893745,
        "narHash": "sha256-0jntwV3Z8//YwuOjzhV2sgJJPt+HY6KhU7VZUL0fKZQ=",
        "owner": "numtide",
        "repo": "flake-utils",
        "rev": "1ed9fb1935d260de5fe1c2f7ee0ebaae17ed2fa1",
        "type": "github"
      },
      "original": {
        "owner": "numtide",
        "repo": "flake-utils",
        "type": "github"
      }
    },
    "vim-reasonml": {
      "flake": false,
      "locked": {
        "lastModified": 1594940760,
        "narHash": "sha256-RJPRe2QY3cS27yzRMO04sxYgZifzq3UEBRRbtTKh1Pk=",
        "owner": "jordwalke",
        "repo": "vim-reasonml",
        "rev": "50dafc42085b704acaa03576cd2ffcaacea58e14",
        "type": "github"
      },
      "original": {
        "owner": "jordwalke",
        "repo": "vim-reasonml",
        "type": "github"
      }
    },
    "vim-rescript": {
      "flake": false,
      "locked": {
        "lastModified": 1643024658,
        "narHash": "sha256-ZVhI3y2qtgyq/2y3SOtgTVkksxn4g0d1kSuuHrDmFdI=",
        "owner": "rescript-lang",
        "repo": "vim-rescript",
        "rev": "6a0497704c8deb758d934f79030d6e18bede9e54",
        "type": "github"
      },
      "original": {
        "owner": "rescript-lang",
        "repo": "vim-rescript",
        "type": "github"
      }
    }
  },
  "root": "root",
  "version": 7
}
